
Microsoft Visual Studio Solution File, Format Version 12.00
# Visual Studio 2013
VisualStudioVersion = 12.0.40629.0
MinimumVisualStudioVersion = 10.0.40219.1
Project("{FAE04EC0-301F-11D3-BF4B-00C04F79EFBC}") = "SongsOrganizer", "SongsOrganizer\SongsOrganizer.csproj", "{C6F7B5A6-6FAC-40ED-B242-ED4BC2BAE76F}"
EndProject
Project("{FAE04EC0-301F-11D3-BF4B-00C04F79EFBC}") = "Repozytorium", "Repozytorium\Repozytorium.csproj", "{B384EF05-CD37-4CBF-B038-3CEA7C86AEBA}"
EndProject
Global
	GlobalSection(SolutionConfigurationPlatforms) = preSolution
		Debug|Any CPU = Debug|Any CPU
		Release|Any CPU = Release|Any CPU
	EndGlobalSection
	GlobalSection(ProjectConfigurationPlatforms) = postSolution
		{C6F7B5A6-6FAC-40ED-B242-ED4BC2BAE76F}.Debug|Any CPU.ActiveCfg = Debug|Any CPU
		{C6F7B5A6-6FAC-40ED-B242-ED4BC2BAE76F}.Debug|Any CPU.Build.0 = Debug|Any CPU
		{C6F7B5A6-6FAC-40ED-B242-ED4BC2BAE76F}.Release|Any CPU.ActiveCfg = Release|Any CPU
		{C6F7B5A6-6FAC-40ED-B242-ED4BC2BAE76F}.Release|Any CPU.Build.0 = Release|Any CPU
		{B384EF05-CD37-4CBF-B038-3CEA7C86AEBA}.Debug|Any CPU.ActiveCfg = Debug|Any CPU
		{B384EF05-CD37-4CBF-B038-3CEA7C86AEBA}.Debug|Any CPU.Build.0 = Debug|Any CPU
		{B384EF05-CD37-4CBF-B038-3CEA7C86AEBA}.Release|Any CPU.ActiveCfg = Release|Any CPU
		{B384EF05-CD37-4CBF-B038-3CEA7C86AEBA}.Release|Any CPU.Build.0 = Release|Any CPU
	EndGlobalSection
	GlobalSection(SolutionProperties) = preSolution
		HideSolutionNode = FALSE
	EndGlobalSection
EndGlobal
